
Microsoft Visual Studio Solution File, Format Version 12.00
# Visual Studio 2012
Project("{FAE04EC0-301F-11D3-BF4B-00C04F79EFBC}") = "DotNetFiddle.CSharpConsole", "DotNetFiddle.CSharpConsole\DotNetFiddle.CSharpConsole.csproj", "{7DD95644-74B2-4A7C-90EE-C7CC637331FC}"
EndProject
Project("{FAE04EC0-301F-11D3-BF4B-00C04F79EFBC}") = "DotNetFiddle.CSharpConsole.Tests", "DotNetFiddle.CSharpConsole.Tests\DotNetFiddle.CSharpConsole.Tests.csproj", "{71ED7650-DFB4-40D1-AB12-FFE7C8A96F13}"
EndProject
Project("{FAE04EC0-301F-11D3-BF4B-00C04F79EFBC}") = "DotNetFiddle.Infrastructure", "DotNetFiddle.Infrastructure\DotNetFiddle.Infrastructure.csproj", "{13952254-75B9-4A7C-B345-FA7EC9D54DD7}"
EndProject
Project("{FAE04EC0-301F-11D3-BF4B-00C04F79EFBC}") = "DotNetFiddle.RunContainer", "DotNetFiddle.RunContainer\DotNetFiddle.RunContainer.csproj", "{BDAFD837-87CE-4B83-96B5-7E72D32303A3}"
EndProject
Project("{FAE04EC0-301F-11D3-BF4B-00C04F79EFBC}") = "DotNetFiddle.RunContainer.Helpers", "DotNetFiddle.RunContainer.Helpers\DotNetFiddle.RunContainer.Helpers.csproj", "{3A307587-F808-4202-B531-8AB96B81488C}"
EndProject
Project("{FAE04EC0-301F-11D3-BF4B-00C04F79EFBC}") = "DotNetFiddle.CSharpConsole.Web", "DotNetFiddle.CSharpConsole.Web\DotNetFiddle.CSharpConsole.Web.csproj", "{CB8B1A13-B662-44A3-A22F-E8F735FE0BEA}"
EndProject
Global
	GlobalSection(SolutionConfigurationPlatforms) = preSolution
		Debug|Any CPU = Debug|Any CPU
		Release|Any CPU = Release|Any CPU
	EndGlobalSection
	GlobalSection(ProjectConfigurationPlatforms) = postSolution
		{7DD95644-74B2-4A7C-90EE-C7CC637331FC}.Debug|Any CPU.ActiveCfg = Debug|Any CPU
		{7DD95644-74B2-4A7C-90EE-C7CC637331FC}.Debug|Any CPU.Build.0 = Debug|Any CPU
		{7DD95644-74B2-4A7C-90EE-C7CC637331FC}.Release|Any CPU.ActiveCfg = Release|Any CPU
		{7DD95644-74B2-4A7C-90EE-C7CC637331FC}.Release|Any CPU.Build.0 = Release|Any CPU
		{71ED7650-DFB4-40D1-AB12-FFE7C8A96F13}.Debug|Any CPU.ActiveCfg = Debug|Any CPU
		{71ED7650-DFB4-40D1-AB12-FFE7C8A96F13}.Debug|Any CPU.Build.0 = Debug|Any CPU
		{71ED7650-DFB4-40D1-AB12-FFE7C8A96F13}.Release|Any CPU.ActiveCfg = Release|Any CPU
		{71ED7650-DFB4-40D1-AB12-FFE7C8A96F13}.Release|Any CPU.Build.0 = Release|Any CPU
		{13952254-75B9-4A7C-B345-FA7EC9D54DD7}.Debug|Any CPU.ActiveCfg = Debug|Any CPU
		{13952254-75B9-4A7C-B345-FA7EC9D54DD7}.Debug|Any CPU.Build.0 = Debug|Any CPU
		{13952254-75B9-4A7C-B345-FA7EC9D54DD7}.Release|Any CPU.ActiveCfg = Release|Any CPU
		{13952254-75B9-4A7C-B345-FA7EC9D54DD7}.Release|Any CPU.Build.0 = Release|Any CPU
		{BDAFD837-87CE-4B83-96B5-7E72D32303A3}.Debug|Any CPU.ActiveCfg = Debug|Any CPU
		{BDAFD837-87CE-4B83-96B5-7E72D32303A3}.Debug|Any CPU.Build.0 = Debug|Any CPU
		{BDAFD837-87CE-4B83-96B5-7E72D32303A3}.Release|Any CPU.ActiveCfg = Release|Any CPU
		{BDAFD837-87CE-4B83-96B5-7E72D32303A3}.Release|Any CPU.Build.0 = Release|Any CPU
		{3A307587-F808-4202-B531-8AB96B81488C}.Debug|Any CPU.ActiveCfg = Debug|Any CPU
		{3A307587-F808-4202-B531-8AB96B81488C}.Debug|Any CPU.Build.0 = Debug|Any CPU
		{3A307587-F808-4202-B531-8AB96B81488C}.Release|Any CPU.ActiveCfg = Release|Any CPU
		{3A307587-F808-4202-B531-8AB96B81488C}.Release|Any CPU.Build.0 = Release|Any CPU
		{CB8B1A13-B662-44A3-A22F-E8F735FE0BEA}.Debug|Any CPU.ActiveCfg = Debug|Any CPU
		{CB8B1A13-B662-44A3-A22F-E8F735FE0BEA}.Debug|Any CPU.Build.0 = Debug|Any CPU
		{CB8B1A13-B662-44A3-A22F-E8F735FE0BEA}.Release|Any CPU.ActiveCfg = Release|Any CPU
		{CB8B1A13-B662-44A3-A22F-E8F735FE0BEA}.Release|Any CPU.Build.0 = Release|Any CPU
	EndGlobalSection
	GlobalSection(SolutionProperties) = preSolution
		HideSolutionNode = FALSE
	EndGlobalSection
EndGlobal
